
Microsoft Visual Studio Solution File, Format Version 12.00
# Visual Studio 15
VisualStudioVersion = 15.0.26228.9
MinimumVisualStudioVersion = 10.0.40219.1
Project("{FAE04EC0-301F-11D3-BF4B-00C04F79EFBC}") = "Inventory.Domain", "Inventory.Domain\Inventory.Domain\Inventory.Domain.csproj", "{A197E706-F5C5-4AF4-824A-F6B18AC39043}"
EndProject
Project("{FAE04EC0-301F-11D3-BF4B-00C04F79EFBC}") = "Inventory.Tests", "Inventory.Tests\Inventory.Tests\Inventory.Tests.csproj", "{A3F61ABE-91D4-4DB5-BDC9-6C6DA48E7758}"
EndProject
Global
	GlobalSection(SolutionConfigurationPlatforms) = preSolution
		Debug|Any CPU = Debug|Any CPU
		Release|Any CPU = Release|Any CPU
	EndGlobalSection
	GlobalSection(ProjectConfigurationPlatforms) = postSolution
		{A197E706-F5C5-4AF4-824A-F6B18AC39043}.Debug|Any CPU.ActiveCfg = Debug|Any CPU
		{A197E706-F5C5-4AF4-824A-F6B18AC39043}.Debug|Any CPU.Build.0 = Debug|Any CPU
		{A197E706-F5C5-4AF4-824A-F6B18AC39043}.Release|Any CPU.ActiveCfg = Release|Any CPU
		{A197E706-F5C5-4AF4-824A-F6B18AC39043}.Release|Any CPU.Build.0 = Release|Any CPU
		{A3F61ABE-91D4-4DB5-BDC9-6C6DA48E7758}.Debug|Any CPU.ActiveCfg = Debug|Any CPU
		{A3F61ABE-91D4-4DB5-BDC9-6C6DA48E7758}.Debug|Any CPU.Build.0 = Debug|Any CPU
		{A3F61ABE-91D4-4DB5-BDC9-6C6DA48E7758}.Release|Any CPU.ActiveCfg = Release|Any CPU
		{A3F61ABE-91D4-4DB5-BDC9-6C6DA48E7758}.Release|Any CPU.Build.0 = Release|Any CPU
	EndGlobalSection
	GlobalSection(SolutionProperties) = preSolution
		HideSolutionNode = FALSE
	EndGlobalSection
EndGlobal
